
Microsoft Visual Studio Solution File, Format Version 12.00
# Visual Studio Version 17
VisualStudioVersion = 17.3.32901.215
MinimumVisualStudioVersion = 10.0.40219.1
Project("{FAE04EC0-301F-11D3-BF4B-00C04F79EFBC}") = "ParcelDelivery.API", "ParcelDelivery.API\ParcelDelivery.API.csproj", "{30C002CB-6B21-43B6-B2B9-0A6A9092023B}"
EndProject
Project("{FAE04EC0-301F-11D3-BF4B-00C04F79EFBC}") = "ParcelDelivery.Logic", "ParcelDelivery.Logic\ParcelDelivery.Logic.csproj", "{E449E13D-672C-4D81-99DB-F22CA8B4FE0D}"
EndProject
Project("{FAE04EC0-301F-11D3-BF4B-00C04F79EFBC}") = "ParcelDelivery.Data", "ParcelDelivery.Data\ParcelDelivery.Data.csproj", "{BC711307-259E-470B-BAFC-5BDF3E90D36A}"
EndProject
Global
	GlobalSection(SolutionConfigurationPlatforms) = preSolution
		Debug|Any CPU = Debug|Any CPU
		Release|Any CPU = Release|Any CPU
	EndGlobalSection
	GlobalSection(ProjectConfigurationPlatforms) = postSolution
		{30C002CB-6B21-43B6-B2B9-0A6A9092023B}.Debug|Any CPU.ActiveCfg = Debug|Any CPU
		{30C002CB-6B21-43B6-B2B9-0A6A9092023B}.Debug|Any CPU.Build.0 = Debug|Any CPU
		{30C002CB-6B21-43B6-B2B9-0A6A9092023B}.Release|Any CPU.ActiveCfg = Release|Any CPU
		{30C002CB-6B21-43B6-B2B9-0A6A9092023B}.Release|Any CPU.Build.0 = Release|Any CPU
		{E449E13D-672C-4D81-99DB-F22CA8B4FE0D}.Debug|Any CPU.ActiveCfg = Debug|Any CPU
		{E449E13D-672C-4D81-99DB-F22CA8B4FE0D}.Debug|Any CPU.Build.0 = Debug|Any CPU
		{E449E13D-672C-4D81-99DB-F22CA8B4FE0D}.Release|Any CPU.ActiveCfg = Release|Any CPU
		{E449E13D-672C-4D81-99DB-F22CA8B4FE0D}.Release|Any CPU.Build.0 = Release|Any CPU
		{BC711307-259E-470B-BAFC-5BDF3E90D36A}.Debug|Any CPU.ActiveCfg = Debug|Any CPU
		{BC711307-259E-470B-BAFC-5BDF3E90D36A}.Debug|Any CPU.Build.0 = Debug|Any CPU
		{BC711307-259E-470B-BAFC-5BDF3E90D36A}.Release|Any CPU.ActiveCfg = Release|Any CPU
		{BC711307-259E-470B-BAFC-5BDF3E90D36A}.Release|Any CPU.Build.0 = Release|Any CPU
	EndGlobalSection
	GlobalSection(SolutionProperties) = preSolution
		HideSolutionNode = FALSE
	EndGlobalSection
	GlobalSection(ExtensibilityGlobals) = postSolution
		SolutionGuid = {A47D120F-C1F7-4C30-B77A-D4E9E46EAA5E}
	EndGlobalSection
EndGlobal
